
Microsoft Visual Studio Solution File, Format Version 12.00
# Visual Studio 15
VisualStudioVersion = 15.0.27703.2000
MinimumVisualStudioVersion = 10.0.40219.1
Project("{FAE04EC0-301F-11D3-BF4B-00C04F79EFBC}") = "ProjectManagement.DAL.Contracts", "ProjectManagement.DAL.Contracts\ProjectManagement.DAL.Contracts.csproj", "{DC538D2B-0339-4ADC-B556-4E15DC1F645E}"
EndProject
Project("{FAE04EC0-301F-11D3-BF4B-00C04F79EFBC}") = "ProjectManagement.DAL.ADO", "ProjectManagement.DAL\ProjectManagement.DAL.ADO.csproj", "{8715F74D-0817-46CD-A0A5-29D15809BEEA}"
EndProject
Project("{FAE04EC0-301F-11D3-BF4B-00C04F79EFBC}") = "ProjectManagement.BLL.Contracts", "ProjectManagement.BLL.Contracts\ProjectManagement.BLL.Contracts.csproj", "{F27214F5-FA16-4BCA-947D-AB6B35C9FC96}"
EndProject
Project("{FAE04EC0-301F-11D3-BF4B-00C04F79EFBC}") = "ProjectManagement.BLL", "ProjectManagement.BLL\ProjectManagement.BLL.csproj", "{E8E22DBC-D710-427C-A36A-DDBF56625689}"
EndProject
Project("{FAE04EC0-301F-11D3-BF4B-00C04F79EFBC}") = "ProjectManagement.BLL.Tests", "ProjectManagement.BLL.Tests\ProjectManagement.BLL.Tests.csproj", "{5288D07A-D1C1-48FC-8167-57D512E7560D}"
EndProject
Project("{FAE04EC0-301F-11D3-BF4B-00C04F79EFBC}") = "ProjectManagement.UI", "ProjectManagement.UI\ProjectManagement.UI.csproj", "{EC09A76B-A7D1-4F8F-A3AD-EC0BE4E00133}"
EndProject
Project("{FAE04EC0-301F-11D3-BF4B-00C04F79EFBC}") = "ProjectManagement.DAL.EF", "ProjectManagement.DAL.EF\ProjectManagement.DAL.EF.csproj", "{5B9B8EEE-B98C-4385-8116-7ECDC27A1E80}"
EndProject
Project("{7CF6DF6D-3B04-46F8-A40B-537D21BCA0B4}") = "ProjectManagement.Documentation", "ProjectManagement.Documentation\ProjectManagement.Documentation.shfbproj", "{18C0C8A3-75F0-4D56-8899-8F389D09F34C}"
EndProject
Global
	GlobalSection(SolutionConfigurationPlatforms) = preSolution
		Debug|Any CPU = Debug|Any CPU
		Release|Any CPU = Release|Any CPU
	EndGlobalSection
	GlobalSection(ProjectConfigurationPlatforms) = postSolution
		{DC538D2B-0339-4ADC-B556-4E15DC1F645E}.Debug|Any CPU.ActiveCfg = Debug|Any CPU
		{DC538D2B-0339-4ADC-B556-4E15DC1F645E}.Debug|Any CPU.Build.0 = Debug|Any CPU
		{DC538D2B-0339-4ADC-B556-4E15DC1F645E}.Release|Any CPU.ActiveCfg = Release|Any CPU
		{DC538D2B-0339-4ADC-B556-4E15DC1F645E}.Release|Any CPU.Build.0 = Release|Any CPU
		{8715F74D-0817-46CD-A0A5-29D15809BEEA}.Debug|Any CPU.ActiveCfg = Debug|Any CPU
		{8715F74D-0817-46CD-A0A5-29D15809BEEA}.Debug|Any CPU.Build.0 = Debug|Any CPU
		{8715F74D-0817-46CD-A0A5-29D15809BEEA}.Release|Any CPU.ActiveCfg = Release|Any CPU
		{8715F74D-0817-46CD-A0A5-29D15809BEEA}.Release|Any CPU.Build.0 = Release|Any CPU
		{F27214F5-FA16-4BCA-947D-AB6B35C9FC96}.Debug|Any CPU.ActiveCfg = Debug|Any CPU
		{F27214F5-FA16-4BCA-947D-AB6B35C9FC96}.Debug|Any CPU.Build.0 = Debug|Any CPU
		{F27214F5-FA16-4BCA-947D-AB6B35C9FC96}.Release|Any CPU.ActiveCfg = Release|Any CPU
		{F27214F5-FA16-4BCA-947D-AB6B35C9FC96}.Release|Any CPU.Build.0 = Release|Any CPU
		{E8E22DBC-D710-427C-A36A-DDBF56625689}.Debug|Any CPU.ActiveCfg = Debug|Any CPU
		{E8E22DBC-D710-427C-A36A-DDBF56625689}.Debug|Any CPU.Build.0 = Debug|Any CPU
		{E8E22DBC-D710-427C-A36A-DDBF56625689}.Release|Any CPU.ActiveCfg = Release|Any CPU
		{E8E22DBC-D710-427C-A36A-DDBF56625689}.Release|Any CPU.Build.0 = Release|Any CPU
		{5288D07A-D1C1-48FC-8167-57D512E7560D}.Debug|Any CPU.ActiveCfg = Debug|Any CPU
		{5288D07A-D1C1-48FC-8167-57D512E7560D}.Debug|Any CPU.Build.0 = Debug|Any CPU
		{5288D07A-D1C1-48FC-8167-57D512E7560D}.Release|Any CPU.ActiveCfg = Release|Any CPU
		{5288D07A-D1C1-48FC-8167-57D512E7560D}.Release|Any CPU.Build.0 = Release|Any CPU
		{EC09A76B-A7D1-4F8F-A3AD-EC0BE4E00133}.Debug|Any CPU.ActiveCfg = Debug|Any CPU
		{EC09A76B-A7D1-4F8F-A3AD-EC0BE4E00133}.Debug|Any CPU.Build.0 = Debug|Any CPU
		{EC09A76B-A7D1-4F8F-A3AD-EC0BE4E00133}.Release|Any CPU.ActiveCfg = Release|Any CPU
		{EC09A76B-A7D1-4F8F-A3AD-EC0BE4E00133}.Release|Any CPU.Build.0 = Release|Any CPU
		{5B9B8EEE-B98C-4385-8116-7ECDC27A1E80}.Debug|Any CPU.ActiveCfg = Debug|Any CPU
		{5B9B8EEE-B98C-4385-8116-7ECDC27A1E80}.Debug|Any CPU.Build.0 = Debug|Any CPU
		{5B9B8EEE-B98C-4385-8116-7ECDC27A1E80}.Release|Any CPU.ActiveCfg = Release|Any CPU
		{5B9B8EEE-B98C-4385-8116-7ECDC27A1E80}.Release|Any CPU.Build.0 = Release|Any CPU
		{18C0C8A3-75F0-4D56-8899-8F389D09F34C}.Debug|Any CPU.ActiveCfg = Debug|Any CPU
		{18C0C8A3-75F0-4D56-8899-8F389D09F34C}.Debug|Any CPU.Build.0 = Debug|Any CPU
		{18C0C8A3-75F0-4D56-8899-8F389D09F34C}.Release|Any CPU.ActiveCfg = Release|Any CPU
		{18C0C8A3-75F0-4D56-8899-8F389D09F34C}.Release|Any CPU.Build.0 = Release|Any CPU
	EndGlobalSection
	GlobalSection(SolutionProperties) = preSolution
		HideSolutionNode = FALSE
	EndGlobalSection
	GlobalSection(ExtensibilityGlobals) = postSolution
		SolutionGuid = {4B5636E6-171C-4677-ACF5-31F967C9DB94}
	EndGlobalSection
EndGlobal
